
Microsoft Visual Studio Solution File, Format Version 12.00
# Visual Studio 15
VisualStudioVersion = 15.0.28010.2003
MinimumVisualStudioVersion = 10.0.40219.1
Project("{888888A0-9F3D-457C-B088-3A5042F75D52}") = "server", "server.pyproj", "{5E54D64B-6A07-40BE-915C-9D9B50E7F963}"
EndProject
Global
	GlobalSection(SolutionConfigurationPlatforms) = preSolution
		Debug|Any CPU = Debug|Any CPU
		Release|Any CPU = Release|Any CPU
	EndGlobalSection
	GlobalSection(ProjectConfigurationPlatforms) = postSolution
		{5E54D64B-6A07-40BE-915C-9D9B50E7F963}.Debug|Any CPU.ActiveCfg = Debug|Any CPU
		{5E54D64B-6A07-40BE-915C-9D9B50E7F963}.Debug|Any CPU.Build.0 = Debug|Any CPU
		{5E54D64B-6A07-40BE-915C-9D9B50E7F963}.Release|Any CPU.ActiveCfg = Release|Any CPU
		{5E54D64B-6A07-40BE-915C-9D9B50E7F963}.Release|Any CPU.Build.0 = Release|Any CPU
	EndGlobalSection
	GlobalSection(SolutionProperties) = preSolution
		HideSolutionNode = FALSE
	EndGlobalSection
	GlobalSection(ExtensibilityGlobals) = postSolution
		SolutionGuid = {DC719756-15F0-4693-823B-42947F725C1B}
	EndGlobalSection
EndGlobal
